
Microsoft Visual Studio Solution File, Format Version 12.00
# Visual Studio Version 16
VisualStudioVersion = 16.0.31321.278
MinimumVisualStudioVersion = 10.0.40219.1
Project("{FAE04EC0-301F-11D3-BF4B-00C04F79EFBC}") = "Kata", "Kata.csproj", "{189A42D1-0EEF-4FE4-A089-2B64856799D2}"
EndProject
Project("{FAE04EC0-301F-11D3-BF4B-00C04F79EFBC}") = "Applicattion", "..\Applicattion\Applicattion.csproj", "{7D940374-7280-4849-A804-D67B1B6DF5AA}"
EndProject
Project("{FAE04EC0-301F-11D3-BF4B-00C04F79EFBC}") = "Domain", "..\Domain\Domain.csproj", "{B2C75896-65B1-478B-B106-DFD7CBDC8BE5}"
EndProject
Project("{FAE04EC0-301F-11D3-BF4B-00C04F79EFBC}") = "Persistence", "..\Persistence\Persistence.csproj", "{FA821329-8450-4512-92F8-5579D1DB699C}"
EndProject
Global
	GlobalSection(SolutionConfigurationPlatforms) = preSolution
		Debug|Any CPU = Debug|Any CPU
		Release|Any CPU = Release|Any CPU
	EndGlobalSection
	GlobalSection(ProjectConfigurationPlatforms) = postSolution
		{189A42D1-0EEF-4FE4-A089-2B64856799D2}.Debug|Any CPU.ActiveCfg = Debug|Any CPU
		{189A42D1-0EEF-4FE4-A089-2B64856799D2}.Debug|Any CPU.Build.0 = Debug|Any CPU
		{189A42D1-0EEF-4FE4-A089-2B64856799D2}.Release|Any CPU.ActiveCfg = Release|Any CPU
		{189A42D1-0EEF-4FE4-A089-2B64856799D2}.Release|Any CPU.Build.0 = Release|Any CPU
		{7D940374-7280-4849-A804-D67B1B6DF5AA}.Debug|Any CPU.ActiveCfg = Debug|Any CPU
		{7D940374-7280-4849-A804-D67B1B6DF5AA}.Debug|Any CPU.Build.0 = Debug|Any CPU
		{7D940374-7280-4849-A804-D67B1B6DF5AA}.Release|Any CPU.ActiveCfg = Release|Any CPU
		{7D940374-7280-4849-A804-D67B1B6DF5AA}.Release|Any CPU.Build.0 = Release|Any CPU
		{B2C75896-65B1-478B-B106-DFD7CBDC8BE5}.Debug|Any CPU.ActiveCfg = Debug|Any CPU
		{B2C75896-65B1-478B-B106-DFD7CBDC8BE5}.Debug|Any CPU.Build.0 = Debug|Any CPU
		{B2C75896-65B1-478B-B106-DFD7CBDC8BE5}.Release|Any CPU.ActiveCfg = Release|Any CPU
		{B2C75896-65B1-478B-B106-DFD7CBDC8BE5}.Release|Any CPU.Build.0 = Release|Any CPU
		{FA821329-8450-4512-92F8-5579D1DB699C}.Debug|Any CPU.ActiveCfg = Debug|Any CPU
		{FA821329-8450-4512-92F8-5579D1DB699C}.Debug|Any CPU.Build.0 = Debug|Any CPU
		{FA821329-8450-4512-92F8-5579D1DB699C}.Release|Any CPU.ActiveCfg = Release|Any CPU
		{FA821329-8450-4512-92F8-5579D1DB699C}.Release|Any CPU.Build.0 = Release|Any CPU
	EndGlobalSection
	GlobalSection(SolutionProperties) = preSolution
		HideSolutionNode = FALSE
	EndGlobalSection
	GlobalSection(ExtensibilityGlobals) = postSolution
		SolutionGuid = {1F5AA6CC-CFEA-45B8-9539-5D6D9E459C40}
	EndGlobalSection
EndGlobal
